lockfileVersion: '9.0'

settings:
  autoInstallPeers: true
  excludeLinksFromLockfile: false

importers:

  .:
    dependencies:
      three:
        specifier: ^0.183.2
        version: 0.183.2

packages:

  three@0.183.2:
    resolution: {integrity: sha512-di3BsL2FEQ1PA7Hcvn4fyJOlxRRgFYBpMTcyOgkwJIaDOdJMebEFPA+t98EvjuljDx4hNulAGwF6KIjtwI5jgQ==}

snapshots:

  three@0.183.2: {}
